
Microsoft Visual Studio Solution File, Format Version 12.00
# Visual Studio 15
VisualStudioVersion = 15.0.27130.2027
MinimumVisualStudioVersion = 10.0.40219.1
Project("{FAE04EC0-301F-11D3-BF4B-00C04F79EFBC}") = "CannaTrax.POS.Legacy", "AdvancePOS\CannaTrax.POS.Legacy.csproj", "{01CFCB30-2077-4634-A98C-3304A39E15ED}"
EndProject
Project("{FAE04EC0-301F-11D3-BF4B-00C04F79EFBC}") = "CannaTrax.POS", "CannaTrax.POS\CannaTrax.POS.csproj", "{6780B86A-A3FF-4C83-9F26-5AECCA798511}"
EndProject
Project("{FAE04EC0-301F-11D3-BF4B-00C04F79EFBC}") = "CannaTrax.POS.Tests", "CannaTrax.POS.Tests\CannaTrax.POS.Tests.csproj", "{F2B486C8-0BDD-4CB8-8764-CF1B3A25AC5E}"
EndProject
Project("{00D1A9C2-B5F0-4AF3-8072-F6C62B433612}") = "CannaTrax.Data", "CannaTrax.Data\CannaTrax.Data.sqlproj", "{16C93BE8-7680-42AA-BC7C-D515AB926D76}"
EndProject
Project("{FAE04EC0-301F-11D3-BF4B-00C04F79EFBC}") = "CannaTrax.Common", "CannaTraxx.Common\CannaTrax.Common.csproj", "{18AE78A9-B2B9-4FA8-99EC-F8D5FD7F3AA7}"
EndProject
Project("{FAE04EC0-301F-11D3-BF4B-00C04F79EFBC}") = "CannaTrax.Data.EF", "CannaTrax.Data.EF\CannaTrax.Data.EF.csproj", "{D2B685C3-4404-4171-BA76-EB267DEB1241}"
EndProject
Global
	GlobalSection(SolutionConfigurationPlatforms) = preSolution
		Debug|Any CPU = Debug|Any CPU
		Release|Any CPU = Release|Any CPU
	EndGlobalSection
	GlobalSection(ProjectConfigurationPlatforms) = postSolution
		{01CFCB30-2077-4634-A98C-3304A39E15ED}.Debug|Any CPU.ActiveCfg = Debug|Any CPU
		{01CFCB30-2077-4634-A98C-3304A39E15ED}.Debug|Any CPU.Build.0 = Debug|Any CPU
		{01CFCB30-2077-4634-A98C-3304A39E15ED}.Release|Any CPU.ActiveCfg = Release|Any CPU
		{01CFCB30-2077-4634-A98C-3304A39E15ED}.Release|Any CPU.Build.0 = Release|Any CPU
		{6780B86A-A3FF-4C83-9F26-5AECCA798511}.Debug|Any CPU.ActiveCfg = Debug|Any CPU
		{6780B86A-A3FF-4C83-9F26-5AECCA798511}.Debug|Any CPU.Build.0 = Debug|Any CPU
		{6780B86A-A3FF-4C83-9F26-5AECCA798511}.Release|Any CPU.ActiveCfg = Release|Any CPU
		{6780B86A-A3FF-4C83-9F26-5AECCA798511}.Release|Any CPU.Build.0 = Release|Any CPU
		{F2B486C8-0BDD-4CB8-8764-CF1B3A25AC5E}.Debug|Any CPU.ActiveCfg = Debug|Any CPU
		{F2B486C8-0BDD-4CB8-8764-CF1B3A25AC5E}.Debug|Any CPU.Build.0 = Debug|Any CPU
		{F2B486C8-0BDD-4CB8-8764-CF1B3A25AC5E}.Release|Any CPU.ActiveCfg = Release|Any CPU
		{F2B486C8-0BDD-4CB8-8764-CF1B3A25AC5E}.Release|Any CPU.Build.0 = Release|Any CPU
		{16C93BE8-7680-42AA-BC7C-D515AB926D76}.Debug|Any CPU.ActiveCfg = Debug|Any CPU
		{16C93BE8-7680-42AA-BC7C-D515AB926D76}.Debug|Any CPU.Build.0 = Debug|Any CPU
		{16C93BE8-7680-42AA-BC7C-D515AB926D76}.Debug|Any CPU.Deploy.0 = Debug|Any CPU
		{16C93BE8-7680-42AA-BC7C-D515AB926D76}.Release|Any CPU.ActiveCfg = Release|Any CPU
		{16C93BE8-7680-42AA-BC7C-D515AB926D76}.Release|Any CPU.Build.0 = Release|Any CPU
		{16C93BE8-7680-42AA-BC7C-D515AB926D76}.Release|Any CPU.Deploy.0 = Release|Any CPU
		{18AE78A9-B2B9-4FA8-99EC-F8D5FD7F3AA7}.Debug|Any CPU.ActiveCfg = Debug|Any CPU
		{18AE78A9-B2B9-4FA8-99EC-F8D5FD7F3AA7}.Debug|Any CPU.Build.0 = Debug|Any CPU
		{18AE78A9-B2B9-4FA8-99EC-F8D5FD7F3AA7}.Release|Any CPU.ActiveCfg = Release|Any CPU
		{18AE78A9-B2B9-4FA8-99EC-F8D5FD7F3AA7}.Release|Any CPU.Build.0 = Release|Any CPU
		{D2B685C3-4404-4171-BA76-EB267DEB1241}.Debug|Any CPU.ActiveCfg = Debug|Any CPU
		{D2B685C3-4404-4171-BA76-EB267DEB1241}.Debug|Any CPU.Build.0 = Debug|Any CPU
		{D2B685C3-4404-4171-BA76-EB267DEB1241}.Release|Any CPU.ActiveCfg = Release|Any CPU
		{D2B685C3-4404-4171-BA76-EB267DEB1241}.Release|Any CPU.Build.0 = Release|Any CPU
	EndGlobalSection
	GlobalSection(SolutionProperties) = preSolution
		HideSolutionNode = FALSE
	EndGlobalSection
	GlobalSection(ExtensibilityGlobals) = postSolution
		SolutionGuid = {A9DA6200-4D92-456B-92C7-52C5A8589BEF}
	EndGlobalSection
EndGlobal
